
Microsoft Visual Studio Solution File, Format Version 12.00
# Visual Studio Version 16
VisualStudioVersion = 16.0.33927.289
MinimumVisualStudioVersion = 10.0.40219.1
Project("{8BC9CEB8-8B4A-11D0-8D11-00A0C91BC942}") = "yuze", "yuze\yuze.vcxproj", "{DC557091-6066-4507-A37E-39D667C57250}"
EndProject
Global
	GlobalSection(SolutionConfigurationPlatforms) = preSolution
		Debug|x64 = Debug|x64
		Debug|x86 = Debug|x86
		Release|x64 = Release|x64
		Release|x86 = Release|x86
	EndGlobalSection
	GlobalSection(ProjectConfigurationPlatforms) = postSolution
		{DC557091-6066-4507-A37E-39D667C57250}.Debug|x64.ActiveCfg = Debug|x64
		{DC557091-6066-4507-A37E-39D667C57250}.Debug|x64.Build.0 = Debug|x64
		{DC557091-6066-4507-A37E-39D667C57250}.Debug|x86.ActiveCfg = Debug|Win32
		{DC557091-6066-4507-A37E-39D667C57250}.Debug|x86.Build.0 = Debug|Win32
		{DC557091-6066-4507-A37E-39D667C57250}.Release|x64.ActiveCfg = Release|x64
		{DC557091-6066-4507-A37E-39D667C57250}.Release|x64.Build.0 = Release|x64
		{DC557091-6066-4507-A37E-39D667C57250}.Release|x86.ActiveCfg = Release|Win32
		{DC557091-6066-4507-A37E-39D667C57250}.Release|x86.Build.0 = Release|Win32
	EndGlobalSection
	GlobalSection(SolutionProperties) = preSolution
		HideSolutionNode = FALSE
	EndGlobalSection
	GlobalSection(ExtensibilityGlobals) = postSolution
		SolutionGuid = {995796C8-5054-4BDC-ADA1-CD78D52CD4E5}
	EndGlobalSection
EndGlobal
